{
  "name": "Aurora---Site-sobre-Os-Primeiros-Computadores",
  "lockfileVersion": 3,
  "requires": true,
  "packages": {
    "": {
      "devDependencies": {
        "daisyui": "^5.3.10",
        "tailwindcss": "^4.1.16"
      }
    },
    "node_modules/daisyui": {
      "version": "5.3.10",
      "resolved": "https://registry.npmjs.org/daisyui/-/daisyui-5.3.10.tgz",
      "integrity": "sha512-vmjyPmm0hvFhA95KB6uiGmWakziB2pBv6CUcs5Ka/3iMBMn9S+C3SZYx9G9l2JrgTZ1EFn61F/HrPcwaUm2kLQ==",
      "dev": true,
      "license": "MIT",
      "funding": {
        "url": "https://github.com/saadeghi/daisyui?sponsor=1"
      }
    },
    "node_modules/tailwindcss": {
      "version": "4.1.16",
      "resolved": "https://registry.npmjs.org/tailwindcss/-/tailwindcss-4.1.16.tgz",
      "integrity": "sha512-pONL5awpaQX4LN5eiv7moSiSPd/DLDzKVRJz8Q9PgzmAdd1R4307GQS2ZpfiN7ZmekdQrfhZZiSE5jkLR4WNaA==",
      "dev": true,
      "license": "MIT"
    }
  }
}
